Microsoft Visual Studio Solution File, Format Version 12.00
# Visual Studio Version 17
VisualStudioVersion = 17.5.2.0
MinimumVisualStudioVersion = 10.0.40219.1
Project("{FAE04EC0-301F-11D3-BF4B-00C04F79EFBC}") = "Nautilus.Api", "Nautilus.Api.csproj", "{CAD62028-2606-1A8E-E8C5-E74C3D123D96}"
EndProject
Global
	GlobalSection(SolutionConfigurationPlatforms) = preSolution
		Debug|Any CPU = Debug|Any CPU
		Release|Any CPU = Release|Any CPU
	EndGlobalSection
	GlobalSection(ProjectConfigurationPlatforms) = postSolution
		{CAD62028-2606-1A8E-E8C5-E74C3D123D96}.Debug|Any CPU.ActiveCfg = Debug|Any CPU
		{CAD62028-2606-1A8E-E8C5-E74C3D123D96}.Debug|Any CPU.Build.0 = Debug|Any CPU
		{CAD62028-2606-1A8E-E8C5-E74C3D123D96}.Release|Any CPU.ActiveCfg = Release|Any CPU
		{CAD62028-2606-1A8E-E8C5-E74C3D123D96}.Release|Any CPU.Build.0 = Release|Any CPU
	EndGlobalSection
	GlobalSection(SolutionProperties) = preSolution
		HideSolutionNode = FALSE
	EndGlobalSection
	GlobalSection(ExtensibilityGlobals) = postSolution
		SolutionGuid = {DE806345-8D67-4808-B506-06348CCF01C0}
	EndGlobalSection
EndGlobal
